
Microsoft Visual Studio Solution File, Format Version 12.00
# Visual Studio Version 17
VisualStudioVersion = 17.9.34616.47
MinimumVisualStudioVersion = 10.0.40219.1
Project("{8BC9CEB8-8B4A-11D0-8D11-00A0C91BC942}") = "OOP2", "OOP2\OOP2.vcxproj", "{3D222426-8F02-4B99-8C40-357B610CB6C3}"
EndProject
Project("{8BC9CEB8-8B4A-11D0-8D11-00A0C91BC942}") = "OOPPointer", "OOPPointer\OOPPointer.vcxproj", "{A631D277-F538-42FC-9B6C-99BC23A37168}"
EndProject
Project("{8BC9CEB8-8B4A-11D0-8D11-00A0C91BC942}") = "OOP2FreindClass", "OOP2FreindClass\OOP2FreindClass.vcxproj", "{FD54AA2B-F635-4622-8CC7-B3318F4C1362}"
EndProject
Project("{8BC9CEB8-8B4A-11D0-8D11-00A0C91BC942}") = "OOP2FriendFunction", "OOP2FriendFunction\OOP2FriendFunction.vcxproj", "{97902C04-C073-4EA3-BCEA-E9472AEF0A32}"
EndProject
Project("{8BC9CEB8-8B4A-11D0-8D11-00A0C91BC942}") = "OOP2FriendFunction2", "OOP2FriendFunction2\OOP2FriendFunction2.vcxproj", "{399BFB76-B003-477F-9912-4415FD792EC1}"
EndProject
Global
	GlobalSection(SolutionConfigurationPlatforms) = preSolution
		Debug|x64 = Debug|x64
		Debug|x86 = Debug|x86
		Release|x64 = Release|x64
		Release|x86 = Release|x86
	EndGlobalSection
	GlobalSection(ProjectConfigurationPlatforms) = postSolution
		{3D222426-8F02-4B99-8C40-357B610CB6C3}.Debug|x64.ActiveCfg = Debug|x64
		{3D222426-8F02-4B99-8C40-357B610CB6C3}.Debug|x64.Build.0 = Debug|x64
		{3D222426-8F02-4B99-8C40-357B610CB6C3}.Debug|x86.ActiveCfg = Debug|Win32
		{3D222426-8F02-4B99-8C40-357B610CB6C3}.Debug|x86.Build.0 = Debug|Win32
		{3D222426-8F02-4B99-8C40-357B610CB6C3}.Release|x64.ActiveCfg = Release|x64
		{3D222426-8F02-4B99-8C40-357B610CB6C3}.Release|x64.Build.0 = Release|x64
		{3D222426-8F02-4B99-8C40-357B610CB6C3}.Release|x86.ActiveCfg = Release|Win32
		{3D222426-8F02-4B99-8C40-357B610CB6C3}.Release|x86.Build.0 = Release|Win32
		{A631D277-F538-42FC-9B6C-99BC23A37168}.Debug|x64.ActiveCfg = Debug|x64
		{A631D277-F538-42FC-9B6C-99BC23A37168}.Debug|x64.Build.0 = Debug|x64
		{A631D277-F538-42FC-9B6C-99BC23A37168}.Debug|x86.ActiveCfg = Debug|Win32
		{A631D277-F538-42FC-9B6C-99BC23A37168}.Debug|x86.Build.0 = Debug|Win32
		{A631D277-F538-42FC-9B6C-99BC23A37168}.Release|x64.ActiveCfg = Release|x64
		{A631D277-F538-42FC-9B6C-99BC23A37168}.Release|x64.Build.0 = Release|x64
		{A631D277-F538-42FC-9B6C-99BC23A37168}.Release|x86.ActiveCfg = Release|Win32
		{A631D277-F538-42FC-9B6C-99BC23A37168}.Release|x86.Build.0 = Release|Win32
		{FD54AA2B-F635-4622-8CC7-B3318F4C1362}.Debug|x64.ActiveCfg = Debug|x64
		{FD54AA2B-F635-4622-8CC7-B3318F4C1362}.Debug|x64.Build.0 = Debug|x64
		{FD54AA2B-F635-4622-8CC7-B3318F4C1362}.Debug|x86.ActiveCfg = Debug|Win32
		{FD54AA2B-F635-4622-8CC7-B3318F4C1362}.Debug|x86.Build.0 = Debug|Win32
		{FD54AA2B-F635-4622-8CC7-B3318F4C1362}.Release|x64.ActiveCfg = Release|x64
		{FD54AA2B-F635-4622-8CC7-B3318F4C1362}.Release|x64.Build.0 = Release|x64
		{FD54AA2B-F635-4622-8CC7-B3318F4C1362}.Release|x86.ActiveCfg = Release|Win32
		{FD54AA2B-F635-4622-8CC7-B3318F4C1362}.Release|x86.Build.0 = Release|Win32
		{97902C04-C073-4EA3-BCEA-E9472AEF0A32}.Debug|x64.ActiveCfg = Debug|x64
		{97902C04-C073-4EA3-BCEA-E9472AEF0A32}.Debug|x64.Build.0 = Debug|x64
		{97902C04-C073-4EA3-BCEA-E9472AEF0A32}.Debug|x86.ActiveCfg = Debug|Win32
		{97902C04-C073-4EA3-BCEA-E9472AEF0A32}.Debug|x86.Build.0 = Debug|Win32
		{97902C04-C073-4EA3-BCEA-E9472AEF0A32}.Release|x64.ActiveCfg = Release|x64
		{97902C04-C073-4EA3-BCEA-E9472AEF0A32}.Release|x64.Build.0 = Release|x64
		{97902C04-C073-4EA3-BCEA-E9472AEF0A32}.Release|x86.ActiveCfg = Release|Win32
		{97902C04-C073-4EA3-BCEA-E9472AEF0A32}.Release|x86.Build.0 = Release|Win32
		{399BFB76-B003-477F-9912-4415FD792EC1}.Debug|x64.ActiveCfg = Debug|x64
		{399BFB76-B003-477F-9912-4415FD792EC1}.Debug|x64.Build.0 = Debug|x64
		{399BFB76-B003-477F-9912-4415FD792EC1}.Debug|x86.ActiveCfg = Debug|Win32
		{399BFB76-B003-477F-9912-4415FD792EC1}.Debug|x86.Build.0 = Debug|Win32
		{399BFB76-B003-477F-9912-4415FD792EC1}.Release|x64.ActiveCfg = Release|x64
		{399BFB76-B003-477F-9912-4415FD792EC1}.Release|x64.Build.0 = Release|x64
		{399BFB76-B003-477F-9912-4415FD792EC1}.Release|x86.ActiveCfg = Release|Win32
		{399BFB76-B003-477F-9912-4415FD792EC1}.Release|x86.Build.0 = Release|Win32
	EndGlobalSection
	GlobalSection(SolutionProperties) = preSolution
		HideSolutionNode = FALSE
	EndGlobalSection
	GlobalSection(ExtensibilityGlobals) = postSolution
		SolutionGuid = {CD23D9AD-3B90-461A-98DA-73E09EDA22A6}
	EndGlobalSection
EndGlobal
